<?xml version="1.0" encoding="utf-8"?>
<Project ToolsVersion="4.0" xmlns="http://schemas.microsoft.com/developer/msbuild/2003">
  <ItemGroup>
    <ClCompile Include="..\..\Source\main.cpp">
      <Filter>Source</Filter>
    </ClCompile>
    <ClCompile Include="..\..\Source\Game.cpp">
      <Filter>Source</Filter>
    </ClCompile>
    <ClCompile Include="..\..\Source\Vector2.cpp">
      <Filter>Source</Filter>
    </ClCompile>
    <ClCompile Include="..\..\Source\Rect.cpp">
      <Filter>Source</Filter>
    </ClCompile>
    <ClCompile Include="..\..\Source\SpriteComponent.cpp">
      <Filter>Source</Filter>
    </ClCompile>
    <ClCompile Include="..\..\Source\AngryCode\AngryRender.cpp">
      <Filter>Source\AngryCode</Filter>
    </ClCompile>
    <ClCompile Include="..\..\Source\AngryCode\AngryUpdate.cpp">
      <Filter>Source\AngryCode</Filter>
    </ClCompile>
    <ClCompile Include="..\..\Source\AngryCode\AngryInput.cpp">
      <Filter>Source\AngryCode</Filter>
    </ClCompile>
    <ClCompile Include="..\..\Source\AngryStructs\AngryGamestateData.cpp">
      <Filter>Source\AngryStructs</Filter>
    </ClCompile>
    <ClCompile Include="..\..\Source\AngryStructs\AngrySprites.cpp">
      <Filter>Source\AngryStructs</Filter>
    </ClCompile>
    <ClCompile Include="..\..\Source\AngryStructs\AngryFlightVars.cpp">
      <Filter>Source\AngryStructs</Filter>
    </ClCompile>
    <ClCompile Include="..\..\Source\AngryStructs\AngryMouseData.cpp">
      <Filter>Source\AngryStructs</Filter>
    </ClCompile>
    <ClCompile Include="..\..\Source\AngrySpriteClasses\Character.cpp">
      <Filter>Source\AngrySpriteClasses</Filter>
    </ClCompile>
    <ClCompile Include="..\..\Source\AngrySpriteClasses\EnvironmentBlock.cpp">
      <Filter>Source\AngrySpriteClasses</Filter>
    </ClCompile>
    <ClCompile Include="..\..\Source\AngrySpriteClasses\UI.cpp">
      <Filter>Source\AngrySpriteClasses</Filter>
    </ClCompile>
    <ClCompile Include="..\..\Source\AngryStructs\AngryFonts.cpp">
      <Filter>Source\AngryStructs</Filter>
    </ClCompile>
    <ClCompile Include="..\..\Source\AngryCode\AngryLevels.cpp">
      <Filter>Source\AngryCode</Filter>
    </ClCompile>
    <ClCompile Include="..\..\Source\AngrySpriteClasses\FX.cpp">
      <Filter>Source\AngrySpriteClasses</Filter>
    </ClCompile>
  </ItemGroup>
  <ItemGroup>
    <Filter Include="Headers">
      <UniqueIdentifier>{02e2ca31-9bb9-45d0-9a75-a2eed8496014}</UniqueIdentifier>
    </Filter>
    <Filter Include="Source">
      <UniqueIdentifier>{150ff3c8-9b98-46c7-9e2b-ccd67ca720c1}</UniqueIdentifier>
    </Filter>
    <Filter Include="Source\AngryCode">
      <UniqueIdentifier>{6471a57e-ce4e-4117-8e0a-346d4b44138d}</UniqueIdentifier>
    </Filter>
    <Filter Include="Headers\AngryCode">
      <UniqueIdentifier>{6bf501b4-7e37-4a43-957f-b8edf197309e}</UniqueIdentifier>
    </Filter>
    <Filter Include="Headers\AngryStructs">
      <UniqueIdentifier>{56b5ae44-82b9-427d-b74c-8445762b1a42}</UniqueIdentifier>
    </Filter>
    <Filter Include="Headers\AngryEnums">
      <UniqueIdentifier>{69a20072-d6fd-4cf2-bd7d-477597f1576a}</UniqueIdentifier>
    </Filter>
    <Filter Include="Source\AngryStructs">
      <UniqueIdentifier>{267554c0-492f-4a2a-8ce5-849698223054}</UniqueIdentifier>
    </Filter>
    <Filter Include="Headers\AngrySpriteClasses">
      <UniqueIdentifier>{a300b61d-e4fe-46f1-9c1d-2495495fdc99}</UniqueIdentifier>
    </Filter>
    <Filter Include="Source\AngrySpriteClasses">
      <UniqueIdentifier>{f8d8171a-318e-478b-9cd8-ddc05653fe21}</UniqueIdentifier>
    </Filter>
  </ItemGroup>
  <ItemGroup>
    <ClInclude Include="..\..\Source\Game.h">
      <Filter>Headers</Filter>
    </ClInclude>
    <ClInclude Include="..\..\Source\Rect.h">
      <Filter>Headers</Filter>
    </ClInclude>
    <ClInclude Include="..\..\Source\Vector2.h">
      <Filter>Headers</Filter>
    </ClInclude>
    <ClInclude Include="..\..\Source\SpriteComponent.h">
      <Filter>Headers</Filter>
    </ClInclude>
    <ClInclude Include="..\..\Source\AngryCode\AngryInput.h">
      <Filter>Headers\AngryCode</Filter>
    </ClInclude>
    <ClInclude Include="..\..\Source\AngryCode\AngryRender.h">
      <Filter>Headers\AngryCode</Filter>
    </ClInclude>
    <ClInclude Include="..\..\Source\AngryCode\AngryUpdate.h">
      <Filter>Headers\AngryCode</Filter>
    </ClInclude>
    <ClInclude Include="..\..\Source\AngryStructs\AngryGamestateData.h">
      <Filter>Headers\AngryStructs</Filter>
    </ClInclude>
    <ClInclude Include="..\..\Source\AngryEnums\AngryGamestate.h">
      <Filter>Headers\AngryEnums</Filter>
    </ClInclude>
    <ClInclude Include="..\..\Source\AngryStructs\AngrySprites.h">
      <Filter>Headers\AngryStructs</Filter>
    </ClInclude>
    <ClInclude Include="..\..\Source\AngryStructs\AngryFlightVars.h">
      <Filter>Headers\AngryStructs</Filter>
    </ClInclude>
    <ClInclude Include="..\..\Source\AngryEnums\AngryGameVars.h">
      <Filter>Headers\AngryEnums</Filter>
    </ClInclude>
    <ClInclude Include="..\..\Source\AngryStructs\AngryMouseData.h">
      <Filter>Headers\AngryStructs</Filter>
    </ClInclude>
    <ClInclude Include="..\..\Source\AngryEnums\AngryMenuScreens.h">
      <Filter>Headers\AngryEnums</Filter>
    </ClInclude>
    <ClInclude Include="..\..\Source\AngryEnums\AngryBackgrounds.h">
      <Filter>Headers\AngryEnums</Filter>
    </ClInclude>
    <ClInclude Include="..\..\Source\AngrySpriteClasses\EnvironmentBlock.h">
      <Filter>Headers\AngrySpriteClasses</Filter>
    </ClInclude>
    <ClInclude Include="..\..\Source\AngrySpriteClasses\Character.h">
      <Filter>Headers\AngrySpriteClasses</Filter>
    </ClInclude>
    <ClInclude Include="..\..\Source\AngrySpriteClasses\UI.h">
      <Filter>Headers\AngrySpriteClasses</Filter>
    </ClInclude>
    <ClInclude Include="..\..\Source\AngryEnums\AngryCharacterStates.h">
      <Filter>Headers\AngryEnums</Filter>
    </ClInclude>
    <ClInclude Include="..\..\Source\AngryEnums\AngryDestructionStates.h">
      <Filter>Headers\AngryEnums</Filter>
    </ClInclude>
    <ClInclude Include="..\..\Source\AngryStructs\AngryFonts.h">
      <Filter>Headers\AngryStructs</Filter>
    </ClInclude>
    <ClInclude Include="resource.h" />
    <ClInclude Include="..\..\Source\AngryEnums\AngryBlockTypes.h">
      <Filter>Headers\AngryEnums</Filter>
    </ClInclude>
    <ClInclude Include="..\..\Source\AngryCode\AngryLevels.h">
      <Filter>Headers\AngryCode</Filter>
    </ClInclude>
    <ClInclude Include="..\..\Source\AngryEnums\AngryCharacterInjury.h">
      <Filter>Headers\AngryEnums</Filter>
    </ClInclude>
    <ClInclude Include="..\..\Source\AngryEnums\AngryCursors.h">
      <Filter>Headers\AngryEnums</Filter>
    </ClInclude>
    <ClInclude Include="..\..\Source\AngrySpriteClasses\FX.h">
      <Filter>Headers\AngrySpriteClasses</Filter>
    </ClInclude>
    <ClInclude Include="..\..\Source\AngryEnums\AngryScore.h">
      <Filter>Headers\AngryEnums</Filter>
    </ClInclude>
    <ClInclude Include="..\..\Source\AngryEnums\AngryMenuElements.h">
      <Filter>Headers\AngryEnums</Filter>
    </ClInclude>
  </ItemGroup>
  <ItemGroup>
    <ResourceCompile Include="AngryBirds.rc" />
  </ItemGroup>
</Project>